
Microsoft Visual Studio Solution File, Format Version 12.00
# Visual Studio Version 17
VisualStudioVersion = 17.10.35122.118
MinimumVisualStudioVersion = 10.0.40219.1
Project("{FAE04EC0-301F-11D3-BF4B-00C04F79EFBC}") = "TaskApi2", "TaskApi2\TaskApi2.csproj", "{5CEB2087-9EEF-4BA9-92CD-85B85B60392E}"
EndProject
Global
	GlobalSection(SolutionConfigurationPlatforms) = preSolution
		Debug|Any CPU = Debug|Any CPU
		Release|Any CPU = Release|Any CPU
	EndGlobalSection
	GlobalSection(ProjectConfigurationPlatforms) = postSolution
		{5CEB2087-9EEF-4BA9-92CD-85B85B60392E}.Debug|Any CPU.ActiveCfg = Debug|Any CPU
		{5CEB2087-9EEF-4BA9-92CD-85B85B60392E}.Debug|Any CPU.Build.0 = Debug|Any CPU
		{5CEB2087-9EEF-4BA9-92CD-85B85B60392E}.Release|Any CPU.ActiveCfg = Release|Any CPU
		{5CEB2087-9EEF-4BA9-92CD-85B85B60392E}.Release|Any CPU.Build.0 = Release|Any CPU
	EndGlobalSection
	GlobalSection(SolutionProperties) = preSolution
		HideSolutionNode = FALSE
	EndGlobalSection
	GlobalSection(ExtensibilityGlobals) = postSolution
		SolutionGuid = {74CFDD6A-DB99-4C21-84CC-5E9A202CFFC4}
	EndGlobalSection
EndGlobal
